{
  "name": "family-dashboard-mcp",
  "version": "1.0.0",
  "lockfileVersion": 3,
  "requires": true,
  "packages": {
    "": {
      "name": "family-dashboard-mcp",
      "version": "1.0.0",
      "license": "ISC",
      "dependencies": {
        "@modelcontextprotocol/server-filesystem": "^2025.7.1"
      }
    }
  }
}